// !$*UTF8*$!
{
	archiveVersion = 1;
	classes = {
	};
	objectVersion = 50;
	objects = {

/* Begin PBXBuildFile section */
		F924C3F123F3F34D00BD9F47 /* AppDelegate.swift in Sources */ = {isa = PBXBuildFile; fileRef = F924C3F023F3F34D00BD9F47 /* AppDelegate.swift */; };
		F924C3F323F3F34D00BD9F47 /* SceneDelegate.swift in Sources */ = {isa = PBXBuildFile; fileRef = F924C3F223F3F34D00BD9F47 /* SceneDelegate.swift */; };
		F924C3F523F3F34D00BD9F47 /* ViewController.swift in Sources */ = {isa = PBXBuildFile; fileRef = F924C3F423F3F34D00BD9F47 /* ViewController.swift */; };
		F924C3F823F3F34D00BD9F47 /* Main.storyboard in Resources */ = {isa = PBXBuildFile; fileRef = F924C3F623F3F34D00BD9F47 /* Main.storyboard */; };
		F924C3FA23F3F34E00BD9F47 /* Assets.xcassets in Resources */ = {isa = PBXBuildFile; fileRef = F924C3F923F3F34E00BD9F47 /* Assets.xcassets */; };
		F924C3FD23F3F34E00BD9F47 /* LaunchScreen.storyboard in Resources */ = {isa = PBXBuildFile; fileRef = F924C3FB23F3F34E00BD9F47 /* LaunchScreen.storyboard */; };
/* End PBXBuildFile section */

/* Begin PBXFileReference section */
		F924C3ED23F3F34D00BD9F47 /* basic_4.4_UICollectionView.app */ = {isa = PBXFileReference; explicitFileType = wrapper.application; includeInIndex = 0; path = basic_4.4_UICollectionView.app; sourceTree = BUILT_PRODUCTS_DIR; };
		F924C3F023F3F34D00BD9F47 /* AppDelegate.swift */ = {isa = PBXFileReference; lastKnownFileType = sourcecode.swift; path = AppDelegate.swift; sourceTree = "<group>"; };
		F924C3F223F3F34D00BD9F47 /* SceneDelegate.swift */ = {isa = PBXFileReference; lastKnownFileType = sourcecode.swift; path = SceneDelegate.swift; sourceTree = "<group>"; };
		F924C3F423F3F34D00BD9F47 /* ViewController.swift */ = {isa = PBXFileReference; lastKnownFileType = sourcecode.swift; path = ViewController.swift; sourceTree = "<group>"; };
		F924C3F723F3F34D00BD9F47 /* Base */ = {isa = PBXFileReference; lastKnownFileType = file.storyboard; name = Base; path = Base.lproj/Main.storyboard; sourceTree = "<group>"; };
		F924C3F923F3F34E00BD9F47 /* Assets.xcassets */ = {isa = PBXFileReference; lastKnownFileType = folder.assetcatalog; path = Assets.xcassets; sourceTree = "<group>"; };
		F924C3FC23F3F34E00BD9F47 /* Base */ = {isa = PBXFileReference; lastKnownFileType = file.storyboard; name = Base; path = Base.lproj/LaunchScreen.storyboard; sourceTree = "<group>"; };
		F924C3FE23F3F34E00BD9F47 /* Info.plist */ = {isa = PBXFileReference; lastKnownFileType = text.plist.xml; path = Info.plist; sourceTree = "<group>"; };
/* End PBXFileReference section */

/* Begin PBXFrameworksBuildPhase section */
		F924C3EA23F3F34D00BD9F47 /* Frameworks */ = {
			isa = PBXFrameworksBuildPhase;
			buildActionMask = 2147483647;
			files = (
			);
			runOnlyForDeploymentPostprocessing = 0;
		};
/* End PBXFrameworksBuildPhase section */

/* Begin PBXGroup section */
		F924C3E423F3F34D00BD9F47 = {
			isa = PBXGroup;
			children = (
				F924C3EF23F3F34D00BD9F47 /* basic_4.4_UICollectionView */,
				F924C3EE23F3F34D00BD9F47 /* Products */,
			);
			sourceTree = "<group>";
		};
		F924C3EE23F3F34D00BD9F47 /* Products */ = {
			isa = PBXGroup;
			children = (
				F924C3ED23F3F34D00BD9F47 /* basic_4.4_UICollectionView.app */,
			);
			name = Products;
			sourceTree = "<group>";
		};
		F924C3EF23F3F34D00BD9F47 /* basic_4.4_UICollectionView */ = {
			isa = PBXGroup;
			children = (
				F924C3F023F3F34D00BD9F47 /* AppDelegate.swift */,
				F924C3F223F3F34D00BD9F47 /* SceneDelegate.swift */,
				F924C3F423F3F34D00BD9F47 /* ViewController.swift */,
				F924C3F623F3F34D00BD9F47 /* Main.storyboard */,
				F924C3F923F3F34E00BD9F47 /* Assets.xcassets */,
				F924C3FB23F3F34E00BD9F47 /* LaunchScreen.storyboard */,
				F924C3FE23F3F34E00BD9F47 /* Info.plist */,
			);
			path = basic_4.4_UICollectionView;
			sourceTree = "<group>";
		};
/* End PBXGroup section */

/* Begin PBXNativeTarget section */
		F924C3EC23F3F34D00BD9F47 /* basic_4.4_UICollectionView */ = {
			isa = PBXNativeTarget;
			buildConfigurationList = F924C40123F3F34E00BD9F47 /* Build configuration list for PBXNativeTarget "basic_4.4_UICollectionView" */;
			buildPhases = (
				F924C3E923F3F34D00BD9F47 /* Sources */,
				F924C3EA23F3F34D00BD9F47 /* Frameworks */,
				F924C3EB23F3F34D00BD9F47 /* Resources */,
			);
			buildRules = (
			);
			dependencies = (
			);
			name = basic_4.4_UICollectionView;
			productName = basic_4.4_UICollectionView;
			productReference = F924C3ED23F3F34D00BD9F47 /* basic_4.4_UICollectionView.app */;
			productType = "com.apple.product-type.application";
		};
/* End PBXNativeTarget section */

/* Begin PBXProject section */
		F924C3E523F3F34D00BD9F47 /* Project object */ = {
			isa = PBXProject;
			attributes = {
				LastSwiftUpdateCheck = 1130;
				LastUpgradeCheck = 1130;
				ORGANIZATIONNAME = "彭程";
				TargetAttributes = {
					F924C3EC23F3F34D00BD9F47 = {
						CreatedOnToolsVersion = 11.3;
					};
				};
			};
			buildConfigurationList = F924C3E823F3F34D00BD9F47 /* Build configuration list for PBXProject "basic_4.4_UICollectionView" */;
			compatibilityVersion = "Xcode 9.3";
			developmentRegion = en;
			hasScannedForEncodings = 0;
			knownRegions = (
				en,
				Base,
			);
			mainGroup = F924C3E423F3F34D00BD9F47;
			productRefGroup = F924C3EE23F3F34D00BD9F47 /* Products */;
			projectDirPath = "";
			projectRoot = "";
			targets = (
				F924C3EC23F3F34D00BD9F47 /* basic_4.4_UICollectionView */,
			);
		};
/* End PBXProject section */

/* Begin PBXResourcesBuildPhase section */
		F924C3EB23F3F34D00BD9F47 /* Resources */ = {
			isa = PBXResourcesBuildPhase;
			buildActionMask = 2147483647;
			files = (
				F924C3FD23F3F34E00BD9F47 /* LaunchScreen.storyboard in Resources */,
				F924C3FA23F3F34E00BD9F47 /* Assets.xcassets in Resources */,
				F924C3F823F3F34D00BD9F47 /* Main.storyboard in Resources */,
			);
			runOnlyForDeploymentPostprocessing = 0;
		};
/* End PBXResourcesBuildPhase section */

/* Begin PBXSourcesBuildPhase section */
		F924C3E923F3F34D00BD9F47 /* Sources */ = {
			isa = PBXSourcesBuildPhase;
			buildActionMask = 2147483647;
			files = (
				F924C3F523F3F34D00BD9F47 /* ViewController.swift in Sources */,
				F924C3F123F3F34D00BD9F47 /* AppDelegate.swift in Sources */,
				F924C3F323F3F34D00BD9F47 /* SceneDelegate.swift in Sources */,
			);
			runOnlyForDeploymentPostprocessing = 0;
		};
/* End PBXSourcesBuildPhase section */

/* Begin PBXVariantGroup section */
		F924C3F623F3F34D00BD9F47 /* Main.storyboard */ = {
			isa = PBXVariantGroup;
			children = (
				F924C3F723F3F34D00BD9F47 /* Base */,
			);
			name = Main.storyboard;
			sourceTree = "<group>";
		};
		F924C3FB23F3F34E00BD9F47 /* LaunchScreen.storyboard */ = {
			isa = PBXVariantGroup;
			children = (
				F924C3FC23F3F34E00BD9F47 /* Base */,
			);
			name = LaunchScreen.storyboard;
			sourceTree = "<group>";
		};
/* End PBXVariantGroup section */

/* Begin XCBuildConfiguration section */
		F924C3FF23F3F34E00BD9F47 /* Debug */ = {
			isa = XCBuildConfiguration;
			buildSettings = {
				ALWAYS_SEARCH_USER_PATHS = NO;
				CLANG_ANALYZER_NONNULL = YES;
				CLANG_ANALYZER_NUMBER_OBJECT_CONVERSION = YES_AGGRESSIVE;
				CLANG_CXX_LANGUAGE_STANDARD = "gnu++14";
				CLANG_CXX_LIBRARY = "libc++";
				CLANG_ENABLE_MODULES = YES;
				CLANG_ENABLE_OBJC_ARC = YES;
				CLANG_ENABLE_OBJC_WEAK = YES;
				CLANG_WARN_BLOCK_CAPTURE_AUTORELEASING = YES;
				CLANG_WARN_BOOL_CONVERSION = YES;
				CLANG_WARN_COMMA = YES;
				CLANG_WARN_CONSTANT_CONVERSION = YES;
				CLANG_WARN_DEPRECATED_OBJC_IMPLEMENTATIONS = YES;
				CLANG_WARN_DIRECT_OBJC_ISA_USAGE = YES_ERROR;
				CLANG_WARN_DOCUMENTATION_COMMENTS = YES;
				CLANG_WARN_EMPTY_BODY = YES;
				CLANG_WARN_ENUM_CONVERSION = YES;
				CLANG_WARN_INFINITE_RECURSION = YES;
				CLANG_WARN_INT_CONVERSION = YES;
				CLANG_WARN_NON_LITERAL_NULL_CONVERSION = YES;
				CLANG_WARN_OBJC_IMPLICIT_RETAIN_SELF = YES;
				CLANG_WARN_OBJC_LITERAL_CONVERSION = YES;
				CLANG_WARN_OBJC_ROOT_CLASS = YES_ERROR;
				CLANG_WARN_RANGE_LOOP_ANALYSIS = YES;
				CLANG_WARN_STRICT_PROTOTYPES = YES;
				CLANG_WARN_SUSPICIOUS_MOVE = YES;
				CLANG_WARN_UNGUARDED_AVAILABILITY = YES_AGGRESSIVE;
				CLANG_WARN_UNREACHABLE_CODE = YES;
				CLANG_WARN__DUPLICATE_METHOD_MATCH = YES;
				COPY_PHASE_STRIP = NO;
				DEBUG_INFORMATION_FORMAT = dwarf;
				ENABLE_STRICT_OBJC_MSGSEND = YES;
				ENABLE_TESTABILITY = YES;
				GCC_C_LANGUAGE_STANDARD = gnu11;
				GCC_DYNAMIC_NO_PIC = NO;
				GCC_NO_COMMON_BLOCKS = YES;
				GCC_OPTIMIZATION_LEVEL = 0;
				GCC_PREPROCESSOR_DEFINITIONS = (
					"DEBUG=1",
					"$(inherited)",
				);
				GCC_WARN_64_TO_32_BIT_CONVERSION = YES;
				GCC_WARN_ABOUT_RETURN_TYPE = YES_ERROR;
				GCC_WARN_UNDECLARED_SELECTOR = YES;
				GCC_WARN_UNINITIALIZED_AUTOS = YES_AGGRESSIVE;
				GCC_WARN_UNUSED_FUNCTION = YES;
				GCC_WARN_UNUSED_VARIABLE = YES;
				IPHONEOS_DEPLOYMENT_TARGET = 13.2;
				MTL_ENABLE_DEBUG_INFO = INCLUDE_SOURCE;
				MTL_FAST_MATH = YES;
				ONLY_ACTIVE_ARCH = YES;
				SDKROOT = iphoneos;
				SWIFT_ACTIVE_COMPILATION_CONDITIONS = DEBUG;
				SWIFT_OPTIMIZATION_LEVEL = "-Onone";
			};
			name = Debug;
		};
		F924C40023F3F34E00BD9F47 /* Release */ = {
			isa = XCBuildConfiguration;
			buildSettings = {
				ALWAYS_SEARCH_USER_PATHS = NO;
				CLANG_ANALYZER_NONNULL = YES;
				CLANG_ANALYZER_NUMBER_OBJECT_CONVERSION = YES_AGGRESSIVE;
				CLANG_CXX_LANGUAGE_STANDARD = "gnu++14";
				CLANG_CXX_LIBRARY = "libc++";
				CLANG_ENABLE_MODULES = YES;
				CLANG_ENABLE_OBJC_ARC = YES;
				CLANG_ENABLE_OBJC_WEAK = YES;
				CLANG_WARN_BLOCK_CAPTURE_AUTORELEASING = YES;
				CLANG_WARN_BOOL_CONVERSION = YES;
				CLANG_WARN_COMMA = YES;
				CLANG_WARN_CONSTANT_CONVERSION = YES;
				CLANG_WARN_DEPRECATED_OBJC_IMPLEMENTATIONS = YES;
				CLANG_WARN_DIRECT_OBJC_ISA_USAGE = YES_ERROR;
				CLANG_WARN_DOCUMENTATION_COMMENTS = YES;
				CLANG_WARN_EMPTY_BODY = YES;
				CLANG_WARN_ENUM_CONVERSION = YES;
				CLANG_WARN_INFINITE_RECURSION = YES;
				CLANG_WARN_INT_CONVERSION = YES;
				CLANG_WARN_NON_LITERAL_NULL_CONVERSION = YES;
				CLANG_WARN_OBJC_IMPLICIT_RETAIN_SELF = YES;
				CLANG_WARN_OBJC_LITERAL_CONVERSION = YES;
				CLANG_WARN_OBJC_ROOT_CLASS = YES_ERROR;
				CLANG_WARN_RANGE_LOOP_ANALYSIS = YES;
				CLANG_WARN_STRICT_PROTOTYPES = YES;
				CLANG_WARN_SUSPICIOUS_MOVE = YES;
				CLANG_WARN_UNGUARDED_AVAILABILITY = YES_AGGRESSIVE;
				CLANG_WARN_UNREACHABLE_CODE = YES;
				CLANG_WARN__DUPLICATE_METHOD_MATCH = YES;
				COPY_PHASE_STRIP = NO;
				DEBUG_INFORMATION_FORMAT = "dwarf-with-dsym";
				ENABLE_NS_ASSERTIONS = NO;
				ENABLE_STRICT_OBJC_MSGSEND = YES;
				GCC_C_LANGUAGE_STANDARD = gnu11;
				GCC_NO_COMMON_BLOCKS = YES;
				GCC_WARN_64_TO_32_BIT_CONVERSION = YES;
				GCC_WARN_ABOUT_RETURN_TYPE = YES_ERROR;
				GCC_WARN_UNDECLARED_SELECTOR = YES;
				GCC_WARN_UNINITIALIZED_AUTOS = YES_AGGRESSIVE;
				GCC_WARN_UNUSED_FUNCTION = YES;
				GCC_WARN_UNUSED_VARIABLE = YES;
				IPHONEOS_DEPLOYMENT_TARGET = 13.2;
				MTL_ENABLE_DEBUG_INFO = NO;
				MTL_FAST_MATH = YES;
				SDKROOT = iphoneos;
				SWIFT_COMPILATION_MODE = wholemodule;
				SWIFT_OPTIMIZATION_LEVEL = "-O";
				VALIDATE_PRODUCT = YES;
			};
			name = Release;
		};
		F924C40223F3F34E00BD9F47 /* Debug */ = {
			isa = XCBuildConfiguration;
			buildSettings = {
				ASSETCATALOG_COMPILER_APPICON_NAME = AppIcon;
				CODE_SIGN_STYLE = Automatic;
				DEVELOPMENT_TEAM = 54W89W5SYT;
				INFOPLIST_FILE = basic_4.4_UICollectionView/Info.plist;
				LD_RUNPATH_SEARCH_PATHS = (
					"$(inherited)",
					"@executable_path/Frameworks",
				);
				PRODUCT_BUNDLE_IDENTIFIER = "com.pengcheng.-4.4.basic-4-4-UICollectionView";
				PRODUCT_NAME = "$(TARGET_NAME)";
				SWIFT_VERSION = 5.0;
				TARGETED_DEVICE_FAMILY = "1,2";
			};
			name = Debug;
		};
		F924C40323F3F34E00BD9F47 /* Release */ = {
			isa = XCBuildConfiguration;
			buildSettings = {
				ASSETCATALOG_COMPILER_APPICON_NAME = AppIcon;
				CODE_SIGN_STYLE = Automatic;
				DEVELOPMENT_TEAM = 54W89W5SYT;
				INFOPLIST_FILE = basic_4.4_UICollectionView/Info.plist;
				LD_RUNPATH_SEARCH_PATHS = (
					"$(inherited)",
					"@executable_path/Frameworks",
				);
				PRODUCT_BUNDLE_IDENTIFIER = "com.pengcheng.-4.4.basic-4-4-UICollectionView";
				PRODUCT_NAME = "$(TARGET_NAME)";
				SWIFT_VERSION = 5.0;
				TARGETED_DEVICE_FAMILY = "1,2";
			};
			name = Release;
		};
/* End XCBuildConfiguration section */

/* Begin XCConfigurationList section */
		F924C3E823F3F34D00BD9F47 /* Build configuration list for PBXProject "basic_4.4_UICollectionView" */ = {
			isa = XCConfigurationList;
			buildConfigurations = (
				F924C3FF23F3F34E00BD9F47 /* Debug */,
				F924C40023F3F34E00BD9F47 /* Release */,
			);
			defaultConfigurationIsVisible = 0;
			defaultConfigurationName = Release;
		};
		F924C40123F3F34E00BD9F47 /* Build configuration list for PBXNativeTarget "basic_4.4_UICollectionView" */ = {
			isa = XCConfigurationList;
			buildConfigurations = (
				F924C40223F3F34E00BD9F47 /* Debug */,
				F924C40323F3F34E00BD9F47 /* Release */,
			);
			defaultConfigurationIsVisible = 0;
			defaultConfigurationName = Release;
		};
/* End XCConfigurationList section */
	};
	rootObject = F924C3E523F3F34D00BD9F47 /* Project object */;
}
